
Microsoft Visual Studio Solution File, Format Version 12.00
# Visual Studio 15
VisualStudioVersion = 15.0.27004.2005
MinimumVisualStudioVersion = 10.0.40219.1
Project("{FAE04EC0-301F-11D3-BF4B-00C04F79EFBC}") = "RunningSite", "RunningSite\RunningSite.csproj", "{E988C66B-09AD-4C59-B7C3-0682355FD19D}"
EndProject
Global
	GlobalSection(SolutionConfigurationPlatforms) = preSolution
		Debug|Any CPU = Debug|Any CPU
		Release|Any CPU = Release|Any CPU
	EndGlobalSection
	GlobalSection(ProjectConfigurationPlatforms) = postSolution
		{E988C66B-09AD-4C59-B7C3-0682355FD19D}.Debug|Any CPU.ActiveCfg = Debug|Any CPU
		{E988C66B-09AD-4C59-B7C3-0682355FD19D}.Debug|Any CPU.Build.0 = Debug|Any CPU
		{E988C66B-09AD-4C59-B7C3-0682355FD19D}.Release|Any CPU.ActiveCfg = Release|Any CPU
		{E988C66B-09AD-4C59-B7C3-0682355FD19D}.Release|Any CPU.Build.0 = Release|Any CPU
	EndGlobalSection
	GlobalSection(SolutionProperties) = preSolution
		HideSolutionNode = FALSE
	EndGlobalSection
	GlobalSection(ExtensibilityGlobals) = postSolution
		SolutionGuid = {835B2623-4949-4BE4-AE69-98C43997A9A7}
	EndGlobalSection
EndGlobal
